
Microsoft Visual Studio Solution File, Format Version 12.00
# Visual Studio Version 17
VisualStudioVersion = 17.5.33530.505
MinimumVisualStudioVersion = 10.0.40219.1
Project("{FAE04EC0-301F-11D3-BF4B-00C04F79EFBC}") = "GameJam", "GameJam.csproj", "{F8BE699A-4FF5-47AE-B2E4-56AE3B79E933}"
EndProject
Global
	GlobalSection(SolutionConfigurationPlatforms) = preSolution
		Debug|Any CPU = Debug|Any CPU
		Release|Any CPU = Release|Any CPU
	EndGlobalSection
	GlobalSection(ProjectConfigurationPlatforms) = postSolution
		{F8BE699A-4FF5-47AE-B2E4-56AE3B79E933}.Debug|Any CPU.ActiveCfg = Debug|Any CPU
		{F8BE699A-4FF5-47AE-B2E4-56AE3B79E933}.Debug|Any CPU.Build.0 = Debug|Any CPU
		{F8BE699A-4FF5-47AE-B2E4-56AE3B79E933}.Release|Any CPU.ActiveCfg = Release|Any CPU
		{F8BE699A-4FF5-47AE-B2E4-56AE3B79E933}.Release|Any CPU.Build.0 = Release|Any CPU
	EndGlobalSection
	GlobalSection(SolutionProperties) = preSolution
		HideSolutionNode = FALSE
	EndGlobalSection
	GlobalSection(ExtensibilityGlobals) = postSolution
		SolutionGuid = {272D123A-1629-4209-A285-EA5B9F2EA695}
	EndGlobalSection
EndGlobal
